github.com/BurntSushi/toml v0.3.0 h1:e1/Ivsx3Z0FVTV0NSOv/aVgbUWyQuzj7DDnFblkRvsY=
github.com/BurntSushi/toml v0.3.0/go.mod h1:xHWCNGjB5oqiDr8zfno3MHue2Ht5sIBksp03qcyfWMU=
github.com/MichaelTJones/walk v0.0.0-20161122175330-4748e29d5718 h1:FSsoaa1q4jAaeiAUxf9H0PgFP7eA/UL6c3PdJH+nMN4=
github.com/MichaelTJones/walk v0.0.0-20161122175330-4748e29d5718/go.mod h1:VVwKsx9Dc8rNG55BWqogoJzGubjKnRoXdUvpGbWqeCc=
github.com/eknkc/amber v0.0.0-20171010120322-cdade1c07385/go.mod h1:0vRUJqYpeSZifjYj7uP3BG/gKcuzL9xWVV/Y+cK33KM=
github.com/go-chi/chi v0.0.0-20171222161133-e83ac2304db3/go.mod h1:eB3wogJHnLi3x/kFX2A+IbTBlXxmMeXJVKy9tTv1XzQ=
github.com/go-chi/cors v1.0.0/go.mod h1:K2Yje0VW/SJzxiyMYu6iPQYa7hMjQX2i/F491VChg1I=
github.com/go-playground/locales v0.12.1/go.mod h1:IUMDtCfWo/w/mtMfIE/IG2K+Ey3ygWanZIBtBW0W2TM=
github.com/go-playground/universal-translator v0.16.0/go.mod h1:1AnU7NaIRDWWzGEKwgtJRd2xk99HeFyHw3yid4rvQIY=
github.com/go-sql-driver/mysql v1.4.0/go.mod h1:zAC/RDZ24gD3HViQzih4MyKcchzm+sOG5ZlKdlhCg5w=
github.com/howeyc/gopass v0.0.0-20170109162249-bf9dde6d0d2c/go.mod h1:lADxMC39cJJqL93Duh1xhAs4I2Zs8mKS89XWXFGp9cs=
github.com/lann/builder v0.0.0-20180802200727-47ae307949d0/go.mod h1:dXGbAdH5GtBTC4WfIxhKZfyBF/HBFgRZSWwZ9g/He9o=
github.com/lann/ps v0.0.0-20150810152359-62de8c46ede0/go.mod h1:vmVJ0l/dxyfGW6FmdpVm2joNMFikkuWg0EoCKLGUMNw=
github.com/lib/pq v0.0.0-20180523175426-90697d60dd84/go.mod h1:5WUZQaWbwv1U+lTReE5YruASi9Al49XbQIvNi/34Woo=
github.com/mattn/go-colorable v0.0.9/go.mod h1:9vuHe8Xs5qXnSaW/c/ABM9alt+Vo+STaOChaDxuIBZU=
github.com/mattn/go-isatty v0.0.3/go.mod h1:M+lRXTBqGeGNdLjl/ufCoiOlB5xdOkqRJdNxMWT7Zi4=
github.com/mattn/go-sqlite3 v1.9.0/go.mod h1:FPy6KqzDD04eiIsT53CuJW3U88zkxoIYsOqkbpncsNc=
github.com/mgutz/ansi v0.0.0-20170206155736-9520e82c474b/go.mod h1:01TrycV0kFyexm33Z7vhZRXopbI8J3TDReVlkTgMUxE=
github.com/mgutz/minimist v0.0.0-20151219120022-39eb8cf573ca/go.mod h1:CemPqfWh2DIz3wQET7z9z6N2niRz/HF2+cM/lIm3ieY=
github.com/mgutz/str v1.2.0/go.mod h1:w1v0ofgLaJdoD0HpQ3fycxKD1WtxpjSo151pK/31q6w=
github.com/mgutz/to v1.0.0/go.mod h1:frEfNDHS+97/hJI/aqaT4Rm+utwYs1T7NLNUjxLk+N8=
github.com/nozzle/throttler v0.0.0-20180817012639-2ea982251481/go.mod h1:yKZQO8QE2bHlgozqWDiRVqTFlLQSj30K/6SAK8EeYFw=
github.com/pressly/chi v1.0.0/go.mod h1:s/kslmeFE633XtTPvfX2olbs4ymzIHxGGXmEJ/AvPT8=
github.com/rs/xid v1.2.0/go.mod h1:+uKXf+4Djp6Md1KODXJxgGQPKngRmWyn10oCKFzNHOQ=
github.com/stretchr/testify v1.2.2/go.mod h1:a8OnRcib4nhh0OaRAV+Yts87kKdq0PP7pXfy6kDkUVs=
github.com/unrolled/render v0.0.0-20180807193321-4206df6ff701/go.mod h1:tu82oB5W2ykJRVioYsB+IQKcft7ryBr7w12qMBUPyXg=
golang.org/x/crypto v0.0.0-20180820150726-614d502a4dac/go.mod h1:6SG95UA2DQfeDnfUPMdvaQW0Q7yPrPDi9nlGo2tz2b4=
golang.org/x/net v0.0.0-20180821023952-922f4815f713/go.mod h1:mL1N/T3taQHkDXs73rZJwtUhF3w3ftmwwsq0BUmARs4=
golang.org/x/sys v0.0.0-20180821044426-4ea2f632f6e9/go.mod h1:STP8DvDyc/dI5b8T5hshtkjS+E42TnysNCUPdjciGhY=
golang.org/x/text v0.3.0/go.mod h1:NqM8EUOU14njkJ3fqMW+pc6Ldnwhi/IjpwHt7yyuwOQ=
google.golang.org/appengine v1.1.0/go.mod h1:EbEs0AVv82hx2wNQdGPgUI5lhzA/G0D9YwlJXL52JkM=
gopkg.in/Masterminds/squirrel.v1 v1.0.0-20170825200431-a6b93000bd21 h1:GmGVIcDxdecAcVjcTp4IpK4VmCMxXhyZKwN2eIzsZ4Y=
gopkg.in/Masterminds/squirrel.v1 v1.0.0-20170825200431-a6b93000bd21/go.mod h1:8PH4rQjb7OdPC6OWDDuY6J/PT8iSNTiff3jmccc2m10=
gopkg.in/go-playground/assert.v1 v1.2.1/go.mod h1:9RXL0bg/zibRAgZUYszZSwO/z8Y/a8bDuhia5mkpMnE=
gopkg.in/go-playground/validator.v9 v9.21.0/go.mod h1:+c9/zcJMFNgbLvly1L1V+PpxWdVbfP1avr/N00E2vyQ=
gopkg.in/godo.v2 v2.0.9/go.mod h1:wgvPPKLsWN0hPIJ4JyxvFGGbIW3fJMSrXhdvSuZ1z/8=
gopkg.in/stretchr/testify.v1 v1.2.2/go.mod h1:QI5V/q6UbPmuhtm10CaFZxED9NreB8PnFYN9JcR6TxU=
